{
  "name": "light-cml-ui",
  "version": "0.0.5",
  "lockfileVersion": 1,
  "requires": true,
  "dependencies": {
    "@didi/cml-console": {
      "version": "0.0.5",
      "resolved": "http://registry.npm.xiaojukeji.com/@didi/cml-console/download/@didi/cml-console-0.0.5.tgz",
      "integrity": "sha1-HlMO82VzGWywYx9TK0XHYEqGMOg=",
      "requires": {
        "didi-console": "^1.0.7"
      }
    },
    "chameleon-api": {
      "version": "1.0.1",
      "resolved": "https://registry.npmjs.org/chameleon-api/-/chameleon-api-1.0.1.tgz",
      "integrity": "sha512-dWg0cSqfFF0VXKbQym+e7KyD8F6egRHXQN3ZgR4btYO+plWw/hOCTAXHQFlav9YxjzGimg+OLoQFXyVpxlXjFw==",
      "requires": {
        "chameleon-bridge": "0.2.0",
        "child_process": "^1.0.2",
        "events": "^3.0.0",
        "fetch-detector": "^1.0.1",
        "fetch-ie8": "^1.5.0"
      }
    },
    "chameleon-bridge": {
      "version": "0.2.0",
      "resolved": "https://registry.npmjs.org/chameleon-bridge/-/chameleon-bridge-0.2.0.tgz",
      "integrity": "sha512-oYBGR3J9OHbp4J8UeuY9QoIBBhvYrZ+1cvMDyPl1uuw64KQnkZ93Rway5sN8jyHNaVf0Kl2kR4UQOcLX7Mvn0g=="
    },
    "chameleon-runtime": {
      "version": "1.0.0",
      "resolved": "https://registry.npmjs.org/chameleon-runtime/-/chameleon-runtime-1.0.0.tgz",
      "integrity": "sha512-fXppkv+qaU7f6VDH5RUF937iEDKJhyvsh3NViwz1MMwOJ0vMJk04Uw6bMnJQZkpOpQnOZ0GyjVKpDCO78RmtTA==",
      "requires": {
        "mobx": "4.8.0"
      }
    },
    "chameleon-scroll": {
      "version": "0.0.3",
      "resolved": "https://registry.npmjs.org/chameleon-scroll/-/chameleon-scroll-0.0.3.tgz",
      "integrity": "sha512-9ru7moY9uU3ZouE74OmZ4pP0YHRXkin+oLvfCqKaXHRhK2Cg8kdFRaofmaLJyokb0R6S4Q7h1IQAsMcFoWkmEA=="
    },
    "chameleon-store": {
      "version": "1.0.0",
      "resolved": "https://registry.npmjs.org/chameleon-store/-/chameleon-store-1.0.0.tgz",
      "integrity": "sha512-Ps+7DbuJ7GjWhSkXYEg6utHfndfOjo7WnBmFz7xqF7rflahehqSx88x0XtlJ2FXaVm9lnrbamxyqMgW/M6JBpg==",
      "requires": {
        "mobx": "4.8.0",
        "vuex": "3.0.1"
      }
    },
    "chameleon-ui-builtin": {
      "version": "1.0.3",
      "resolved": "https://registry.npmjs.org/chameleon-ui-builtin/-/chameleon-ui-builtin-1.0.3.tgz",
      "integrity": "sha512-dMRJT8kMfkcbzo8+VF09ygAhOCStdBFF5vwbQQGflLBZaaIyGoPGyPXn+v8xQH2p0dwjda7HiOWaI+sNWm9Tcw==",
      "requires": {
        "chameleon-scroll": "0.0.3"
      }
    },
    "child_process": {
      "version": "1.0.2",
      "resolved": "http://registry.npm.xiaojukeji.com/child_process/download/child_process-1.0.2.tgz",
      "integrity": "sha1-sffn/HPSXn/R1FWtyU4UODAYK1o="
    },
    "didi-console": {
      "version": "1.0.7",
      "resolved": "http://registry.npm.xiaojukeji.com/didi-console/download/didi-console-1.0.7.tgz",
      "integrity": "sha1-rsJr+XlqTVAHzrKlpZsQCO5Kbc4="
    },
    "events": {
      "version": "3.0.0",
      "resolved": "https://registry.npmjs.org/events/-/events-3.0.0.tgz",
      "integrity": "sha512-Dc381HFWJzEOhQ+d8pkNon++bk9h6cdAoAj4iE6Q4y6xgTzySWXlKn05/TVNpjnfRqi/X0EpJEJohPjNI3zpVA=="
    },
    "fetch-detector": {
      "version": "1.0.1",
      "resolved": "https://registry.npmjs.org/fetch-detector/-/fetch-detector-1.0.1.tgz",
      "integrity": "sha1-bLPq9zjCcnhi6GiA1hIUI+qkIIM="
    },
    "fetch-ie8": {
      "version": "1.5.0",
      "resolved": "https://registry.npmjs.org/fetch-ie8/-/fetch-ie8-1.5.0.tgz",
      "integrity": "sha1-8RQcP5bLyJN6oxsPvBp3AiD7wVs="
    },
    "minimist": {
      "version": "0.0.10",
      "resolved": "https://registry.npmjs.org/minimist/-/minimist-0.0.10.tgz",
      "integrity": "sha1-3j+YVD2/lggr5IrRoMfNqDYwHc8=",
      "dev": true
    },
    "mobx": {
      "version": "4.8.0",
      "resolved": "https://registry.npmjs.org/mobx/-/mobx-4.8.0.tgz",
      "integrity": "sha512-uR6FnrK50UEbV+zTXkOI+R0pAMb7xA5mkAWnKTMBcN6hAh57qAa9r0XMvsiPgpb8dS3Kw1x0sNhrrUNUcM+Pug=="
    },
    "optimist": {
      "version": "0.6.1",
      "resolved": "https://registry.npmjs.org/optimist/-/optimist-0.6.1.tgz",
      "integrity": "sha1-2j6nRob6IaGaERwybpDrFaAZZoY=",
      "dev": true,
      "requires": {
        "minimist": "~0.0.1",
        "wordwrap": "~0.0.2"
      }
    },
    "vuex": {
      "version": "3.0.1",
      "resolved": "https://registry.npmjs.org/vuex/-/vuex-3.0.1.tgz",
      "integrity": "sha512-wLoqz0B7DSZtgbWL1ShIBBCjv22GV5U+vcBFox658g6V0s4wZV9P4YjCNyoHSyIBpj1f29JBoNQIqD82cR4O3w=="
    },
    "wordwrap": {
      "version": "0.0.3",
      "resolved": "https://registry.npmjs.org/wordwrap/-/wordwrap-0.0.3.tgz",
      "integrity": "sha1-o9XabNXAvAAI03I0u68b7WMFkQc=",
      "dev": true
    }
  }
}
